
Microsoft Visual Studio Solution File, Format Version 12.00
# Visual Studio 15
VisualStudioVersion = 15.0.28307.421
MinimumVisualStudioVersion = 10.0.40219.1
Project("{FAE04EC0-301F-11D3-BF4B-00C04F79EFBC}") = "ServiceLibrary", "ServiceLibrary\ServiceLibrary.csproj", "{149C7FAC-00ED-4E7D-AAC2-D7FD91D969E2}"
EndProject
Project("{FAE04EC0-301F-11D3-BF4B-00C04F79EFBC}") = "HideezServiceHost", "HideezServiceHost\HideezServiceHost.csproj", "{62E8A93B-25EC-4927-8E38-6E166FB06F9E}"
	ProjectSection(ProjectDependencies) = postProject
		{149C7FAC-00ED-4E7D-AAC2-D7FD91D969E2} = {149C7FAC-00ED-4E7D-AAC2-D7FD91D969E2}
	EndProjectSection
EndProject
Project("{FAE04EC0-301F-11D3-BF4B-00C04F79EFBC}") = "TestConsole", "TestConsole\TestConsole.csproj", "{298A9CBA-1D90-44EC-A6A1-DCD0A6E7B2A0}"
	ProjectSection(ProjectDependencies) = postProject
		{149C7FAC-00ED-4E7D-AAC2-D7FD91D969E2} = {149C7FAC-00ED-4E7D-AAC2-D7FD91D969E2}
	EndProjectSection
EndProject
Project("{FAE04EC0-301F-11D3-BF4B-00C04F79EFBC}") = "ServiceLibrary.Implementation", "ServiceLibrary.Implementation\ServiceLibrary.Implementation.csproj", "{DA19D8C5-DAB6-4060-B393-BA18A4BE47BB}"
EndProject
Project("{FAE04EC0-301F-11D3-BF4B-00C04F79EFBC}") = "HideezMiddleware", "..\HideezMiddleware\HideezMiddleware\HideezMiddleware.csproj", "{2A5ABF59-55EE-461B-8C6F-2A294481129B}"
EndProject
Project("{8BC9CEB8-8B4A-11D0-8D11-00A0C91BC942}") = "CsrBLE", "..\..\win.sdk\CsrBLE\CsrBLE.vcxproj", "{D274AA09-5B34-4450-A6FB-5A5A351C7B45}"
EndProject
Project("{9A19103F-16F7-4668-BE54-9A1E7A4F7556}") = "Communication", "..\..\win.sdk\Communication\Communication.csproj", "{64CDFF89-4BD1-40C8-A709-56DF7B64B309}"
EndProject
Project("{8BC9CEB8-8B4A-11D0-8D11-00A0C91BC942}") = "CsrBLE.Details", "..\..\win.sdk\CsrBLE.Details\CsrBLE.Details.vcxproj", "{828942FC-3B97-4C3F-B7BF-87B63BF6BD1E}"
EndProject
Global
	GlobalSection(SolutionConfigurationPlatforms) = preSolution
		Debug|Any CPU = Debug|Any CPU
		Debug|x64 = Debug|x64
		Debug|x86 = Debug|x86
		Release|Any CPU = Release|Any CPU
		Release|x64 = Release|x64
		Release|x86 = Release|x86
	EndGlobalSection
	GlobalSection(ProjectConfigurationPlatforms) = postSolution
		{149C7FAC-00ED-4E7D-AAC2-D7FD91D969E2}.Debug|Any CPU.ActiveCfg = Debug|Any CPU
		{149C7FAC-00ED-4E7D-AAC2-D7FD91D969E2}.Debug|Any CPU.Build.0 = Debug|Any CPU
		{149C7FAC-00ED-4E7D-AAC2-D7FD91D969E2}.Debug|x64.ActiveCfg = Debug|Any CPU
		{149C7FAC-00ED-4E7D-AAC2-D7FD91D969E2}.Debug|x64.Build.0 = Debug|Any CPU
		{149C7FAC-00ED-4E7D-AAC2-D7FD91D969E2}.Debug|x86.ActiveCfg = Debug|Any CPU
		{149C7FAC-00ED-4E7D-AAC2-D7FD91D969E2}.Debug|x86.Build.0 = Debug|Any CPU
		{149C7FAC-00ED-4E7D-AAC2-D7FD91D969E2}.Release|Any CPU.ActiveCfg = Release|Any CPU
		{149C7FAC-00ED-4E7D-AAC2-D7FD91D969E2}.Release|Any CPU.Build.0 = Release|Any CPU
		{149C7FAC-00ED-4E7D-AAC2-D7FD91D969E2}.Release|x64.ActiveCfg = Release|Any CPU
		{149C7FAC-00ED-4E7D-AAC2-D7FD91D969E2}.Release|x64.Build.0 = Release|Any CPU
		{149C7FAC-00ED-4E7D-AAC2-D7FD91D969E2}.Release|x86.ActiveCfg = Release|Any CPU
		{149C7FAC-00ED-4E7D-AAC2-D7FD91D969E2}.Release|x86.Build.0 = Release|Any CPU
		{62E8A93B-25EC-4927-8E38-6E166FB06F9E}.Debug|Any CPU.ActiveCfg = Debug|Any CPU
		{62E8A93B-25EC-4927-8E38-6E166FB06F9E}.Debug|Any CPU.Build.0 = Debug|Any CPU
		{62E8A93B-25EC-4927-8E38-6E166FB06F9E}.Debug|x64.ActiveCfg = Debug|Any CPU
		{62E8A93B-25EC-4927-8E38-6E166FB06F9E}.Debug|x64.Build.0 = Debug|Any CPU
		{62E8A93B-25EC-4927-8E38-6E166FB06F9E}.Debug|x86.ActiveCfg = Debug|Any CPU
		{62E8A93B-25EC-4927-8E38-6E166FB06F9E}.Debug|x86.Build.0 = Debug|Any CPU
		{62E8A93B-25EC-4927-8E38-6E166FB06F9E}.Release|Any CPU.ActiveCfg = Release|Any CPU
		{62E8A93B-25EC-4927-8E38-6E166FB06F9E}.Release|Any CPU.Build.0 = Release|Any CPU
		{62E8A93B-25EC-4927-8E38-6E166FB06F9E}.Release|x64.ActiveCfg = Release|Any CPU
		{62E8A93B-25EC-4927-8E38-6E166FB06F9E}.Release|x64.Build.0 = Release|Any CPU
		{62E8A93B-25EC-4927-8E38-6E166FB06F9E}.Release|x86.ActiveCfg = Release|Any CPU
		{62E8A93B-25EC-4927-8E38-6E166FB06F9E}.Release|x86.Build.0 = Release|Any CPU
		{298A9CBA-1D90-44EC-A6A1-DCD0A6E7B2A0}.Debug|Any CPU.ActiveCfg = Debug|Any CPU
		{298A9CBA-1D90-44EC-A6A1-DCD0A6E7B2A0}.Debug|Any CPU.Build.0 = Debug|Any CPU
		{298A9CBA-1D90-44EC-A6A1-DCD0A6E7B2A0}.Debug|x64.ActiveCfg = Debug|Any CPU
		{298A9CBA-1D90-44EC-A6A1-DCD0A6E7B2A0}.Debug|x64.Build.0 = Debug|Any CPU
		{298A9CBA-1D90-44EC-A6A1-DCD0A6E7B2A0}.Debug|x86.ActiveCfg = Debug|Any CPU
		{298A9CBA-1D90-44EC-A6A1-DCD0A6E7B2A0}.Debug|x86.Build.0 = Debug|Any CPU
		{298A9CBA-1D90-44EC-A6A1-DCD0A6E7B2A0}.Release|Any CPU.ActiveCfg = Release|Any CPU
		{298A9CBA-1D90-44EC-A6A1-DCD0A6E7B2A0}.Release|Any CPU.Build.0 = Release|Any CPU
		{298A9CBA-1D90-44EC-A6A1-DCD0A6E7B2A0}.Release|x64.ActiveCfg = Release|Any CPU
		{298A9CBA-1D90-44EC-A6A1-DCD0A6E7B2A0}.Release|x64.Build.0 = Release|Any CPU
		{298A9CBA-1D90-44EC-A6A1-DCD0A6E7B2A0}.Release|x86.ActiveCfg = Release|Any CPU
		{298A9CBA-1D90-44EC-A6A1-DCD0A6E7B2A0}.Release|x86.Build.0 = Release|Any CPU
		{DA19D8C5-DAB6-4060-B393-BA18A4BE47BB}.Debug|Any CPU.ActiveCfg = Debug|Any CPU
		{DA19D8C5-DAB6-4060-B393-BA18A4BE47BB}.Debug|Any CPU.Build.0 = Debug|Any CPU
		{DA19D8C5-DAB6-4060-B393-BA18A4BE47BB}.Debug|x64.ActiveCfg = Debug|Any CPU
		{DA19D8C5-DAB6-4060-B393-BA18A4BE47BB}.Debug|x64.Build.0 = Debug|Any CPU
		{DA19D8C5-DAB6-4060-B393-BA18A4BE47BB}.Debug|x86.ActiveCfg = Debug|Any CPU
		{DA19D8C5-DAB6-4060-B393-BA18A4BE47BB}.Debug|x86.Build.0 = Debug|Any CPU
		{DA19D8C5-DAB6-4060-B393-BA18A4BE47BB}.Release|Any CPU.ActiveCfg = Release|Any CPU
		{DA19D8C5-DAB6-4060-B393-BA18A4BE47BB}.Release|Any CPU.Build.0 = Release|Any CPU
		{DA19D8C5-DAB6-4060-B393-BA18A4BE47BB}.Release|x64.ActiveCfg = Release|Any CPU
		{DA19D8C5-DAB6-4060-B393-BA18A4BE47BB}.Release|x64.Build.0 = Release|Any CPU
		{DA19D8C5-DAB6-4060-B393-BA18A4BE47BB}.Release|x86.ActiveCfg = Release|Any CPU
		{DA19D8C5-DAB6-4060-B393-BA18A4BE47BB}.Release|x86.Build.0 = Release|Any CPU
		{2A5ABF59-55EE-461B-8C6F-2A294481129B}.Debug|Any CPU.ActiveCfg = Debug|Any CPU
		{2A5ABF59-55EE-461B-8C6F-2A294481129B}.Debug|Any CPU.Build.0 = Debug|Any CPU
		{2A5ABF59-55EE-461B-8C6F-2A294481129B}.Debug|x64.ActiveCfg = Debug|Any CPU
		{2A5ABF59-55EE-461B-8C6F-2A294481129B}.Debug|x64.Build.0 = Debug|Any CPU
		{2A5ABF59-55EE-461B-8C6F-2A294481129B}.Debug|x86.ActiveCfg = Debug|Any CPU
		{2A5ABF59-55EE-461B-8C6F-2A294481129B}.Debug|x86.Build.0 = Debug|Any CPU
		{2A5ABF59-55EE-461B-8C6F-2A294481129B}.Release|Any CPU.ActiveCfg = Release|Any CPU
		{2A5ABF59-55EE-461B-8C6F-2A294481129B}.Release|Any CPU.Build.0 = Release|Any CPU
		{2A5ABF59-55EE-461B-8C6F-2A294481129B}.Release|x64.ActiveCfg = Release|Any CPU
		{2A5ABF59-55EE-461B-8C6F-2A294481129B}.Release|x64.Build.0 = Release|Any CPU
		{2A5ABF59-55EE-461B-8C6F-2A294481129B}.Release|x86.ActiveCfg = Release|Any CPU
		{2A5ABF59-55EE-461B-8C6F-2A294481129B}.Release|x86.Build.0 = Release|Any CPU
		{D274AA09-5B34-4450-A6FB-5A5A351C7B45}.Debug|Any CPU.ActiveCfg = Debug|Win32
		{D274AA09-5B34-4450-A6FB-5A5A351C7B45}.Debug|x64.ActiveCfg = Debug|x64
		{D274AA09-5B34-4450-A6FB-5A5A351C7B45}.Debug|x64.Build.0 = Debug|x64
		{D274AA09-5B34-4450-A6FB-5A5A351C7B45}.Debug|x86.ActiveCfg = Debug|Win32
		{D274AA09-5B34-4450-A6FB-5A5A351C7B45}.Debug|x86.Build.0 = Debug|Win32
		{D274AA09-5B34-4450-A6FB-5A5A351C7B45}.Release|Any CPU.ActiveCfg = Release|Win32
		{D274AA09-5B34-4450-A6FB-5A5A351C7B45}.Release|x64.ActiveCfg = Release|x64
		{D274AA09-5B34-4450-A6FB-5A5A351C7B45}.Release|x64.Build.0 = Release|x64
		{D274AA09-5B34-4450-A6FB-5A5A351C7B45}.Release|x86.ActiveCfg = Release|Win32
		{D274AA09-5B34-4450-A6FB-5A5A351C7B45}.Release|x86.Build.0 = Release|Win32
		{64CDFF89-4BD1-40C8-A709-56DF7B64B309}.Debug|Any CPU.ActiveCfg = Debug|Any CPU
		{64CDFF89-4BD1-40C8-A709-56DF7B64B309}.Debug|Any CPU.Build.0 = Debug|Any CPU
		{64CDFF89-4BD1-40C8-A709-56DF7B64B309}.Debug|x64.ActiveCfg = Debug|x64
		{64CDFF89-4BD1-40C8-A709-56DF7B64B309}.Debug|x64.Build.0 = Debug|x64
		{64CDFF89-4BD1-40C8-A709-56DF7B64B309}.Debug|x86.ActiveCfg = Debug|Any CPU
		{64CDFF89-4BD1-40C8-A709-56DF7B64B309}.Debug|x86.Build.0 = Debug|Any CPU
		{64CDFF89-4BD1-40C8-A709-56DF7B64B309}.Release|Any CPU.ActiveCfg = Release|Any CPU
		{64CDFF89-4BD1-40C8-A709-56DF7B64B309}.Release|Any CPU.Build.0 = Release|Any CPU
		{64CDFF89-4BD1-40C8-A709-56DF7B64B309}.Release|x64.ActiveCfg = Release|x64
		{64CDFF89-4BD1-40C8-A709-56DF7B64B309}.Release|x64.Build.0 = Release|x64
		{64CDFF89-4BD1-40C8-A709-56DF7B64B309}.Release|x86.ActiveCfg = Release|Any CPU
		{64CDFF89-4BD1-40C8-A709-56DF7B64B309}.Release|x86.Build.0 = Release|Any CPU
		{828942FC-3B97-4C3F-B7BF-87B63BF6BD1E}.Debug|Any CPU.ActiveCfg = Debug|Win32
		{828942FC-3B97-4C3F-B7BF-87B63BF6BD1E}.Debug|x64.ActiveCfg = Debug|x64
		{828942FC-3B97-4C3F-B7BF-87B63BF6BD1E}.Debug|x64.Build.0 = Debug|x64
		{828942FC-3B97-4C3F-B7BF-87B63BF6BD1E}.Debug|x86.ActiveCfg = Debug|Win32
		{828942FC-3B97-4C3F-B7BF-87B63BF6BD1E}.Debug|x86.Build.0 = Debug|Win32
		{828942FC-3B97-4C3F-B7BF-87B63BF6BD1E}.Release|Any CPU.ActiveCfg = Release|Win32
		{828942FC-3B97-4C3F-B7BF-87B63BF6BD1E}.Release|x64.ActiveCfg = Release|x64
		{828942FC-3B97-4C3F-B7BF-87B63BF6BD1E}.Release|x64.Build.0 = Release|x64
		{828942FC-3B97-4C3F-B7BF-87B63BF6BD1E}.Release|x86.ActiveCfg = Release|Win32
		{828942FC-3B97-4C3F-B7BF-87B63BF6BD1E}.Release|x86.Build.0 = Release|Win32
	EndGlobalSection
	GlobalSection(SolutionProperties) = preSolution
		HideSolutionNode = FALSE
	EndGlobalSection
	GlobalSection(ExtensibilityGlobals) = postSolution
		SolutionGuid = {FC558325-B1CD-4666-8905-F99526FE0DB6}
	EndGlobalSection
EndGlobal
