
Microsoft Visual Studio Solution File, Format Version 12.00
# Visual Studio Version 16
VisualStudioVersion = 16.0.29926.136
MinimumVisualStudioVersion = 10.0.40219.1
Project("{FAE04EC0-301F-11D3-BF4B-00C04F79EFBC}") = "HideezServiceHost", "HideezService\HideezServiceHost\HideezServiceHost.csproj", "{62E8A93B-25EC-4927-8E38-6E166FB06F9E}"
	ProjectSection(ProjectDependencies) = postProject
		{AF08ED4D-6977-4DCB-A49D-0C0A547698BA} = {AF08ED4D-6977-4DCB-A49D-0C0A547698BA}
		{828942FC-3B97-4C3F-B7BF-87B63BF6BD1E} = {828942FC-3B97-4C3F-B7BF-87B63BF6BD1E}
	EndProjectSection
EndProject
Project("{FAE04EC0-301F-11D3-BF4B-00C04F79EFBC}") = "TestConsole", "HideezService\TestConsole\TestConsole.csproj", "{298A9CBA-1D90-44EC-A6A1-DCD0A6E7B2A0}"
EndProject
Project("{FAE04EC0-301F-11D3-BF4B-00C04F79EFBC}") = "ServiceLibrary.Implementation", "HideezService\ServiceLibrary.Implementation\ServiceLibrary.Implementation.csproj", "{DA19D8C5-DAB6-4060-B393-BA18A4BE47BB}"
EndProject
Project("{FAE04EC0-301F-11D3-BF4B-00C04F79EFBC}") = "HideezMiddleware", "HideezMiddleware\HideezMiddleware\HideezMiddleware.csproj", "{2A5ABF59-55EE-461B-8C6F-2A294481129B}"
EndProject
Project("{8BC9CEB8-8B4A-11D0-8D11-00A0C91BC942}") = "CsrBLE", "..\win.sdk\CsrBLE\CsrBLE.vcxproj", "{D274AA09-5B34-4450-A6FB-5A5A351C7B45}"
EndProject
Project("{8BC9CEB8-8B4A-11D0-8D11-00A0C91BC942}") = "CsrBLE.Details", "..\win.sdk\CsrBLE.Details\CsrBLE.Details.vcxproj", "{828942FC-3B97-4C3F-B7BF-87B63BF6BD1E}"
EndProject
Project("{9A19103F-16F7-4668-BE54-9A1E7A4F7556}") = "Communication", "..\win.sdk\Communication\Communication.csproj", "{BF57E350-D719-47A1-950A-7B6A08E58BD7}"
EndProject
Project("{FAE04EC0-301F-11D3-BF4B-00C04F79EFBC}") = "HideezMiddleware.Tests", "HideezMiddleware\HideezMiddlewareTests\HideezMiddleware.Tests.csproj", "{E3DF8F3B-2879-44A8-A534-1BF8909F20E1}"
EndProject
Project("{FAE04EC0-301F-11D3-BF4B-00C04F79EFBC}") = "WinBle", "..\win.SDK\WinBle\WinBle.csproj", "{AF08ED4D-6977-4DCB-A49D-0C0A547698BA}"
EndProject
Global
	GlobalSection(SolutionConfigurationPlatforms) = preSolution
		Debug|Any CPU = Debug|Any CPU
		Debug|x64 = Debug|x64
		Debug|x86 = Debug|x86
		Release|Any CPU = Release|Any CPU
		Release|x64 = Release|x64
		Release|x86 = Release|x86
	EndGlobalSection
	GlobalSection(ProjectConfigurationPlatforms) = postSolution
		{62E8A93B-25EC-4927-8E38-6E166FB06F9E}.Debug|Any CPU.ActiveCfg = Debug|Any CPU
		{62E8A93B-25EC-4927-8E38-6E166FB06F9E}.Debug|Any CPU.Build.0 = Debug|Any CPU
		{62E8A93B-25EC-4927-8E38-6E166FB06F9E}.Debug|x64.ActiveCfg = Debug|x64
		{62E8A93B-25EC-4927-8E38-6E166FB06F9E}.Debug|x64.Build.0 = Debug|x64
		{62E8A93B-25EC-4927-8E38-6E166FB06F9E}.Debug|x86.ActiveCfg = Debug|Any CPU
		{62E8A93B-25EC-4927-8E38-6E166FB06F9E}.Debug|x86.Build.0 = Debug|Any CPU
		{62E8A93B-25EC-4927-8E38-6E166FB06F9E}.Release|Any CPU.ActiveCfg = Debug|Any CPU
		{62E8A93B-25EC-4927-8E38-6E166FB06F9E}.Release|Any CPU.Build.0 = Debug|Any CPU
		{62E8A93B-25EC-4927-8E38-6E166FB06F9E}.Release|x64.ActiveCfg = Debug|Any CPU
		{62E8A93B-25EC-4927-8E38-6E166FB06F9E}.Release|x64.Build.0 = Debug|Any CPU
		{62E8A93B-25EC-4927-8E38-6E166FB06F9E}.Release|x86.ActiveCfg = Debug|Any CPU
		{62E8A93B-25EC-4927-8E38-6E166FB06F9E}.Release|x86.Build.0 = Debug|Any CPU
		{298A9CBA-1D90-44EC-A6A1-DCD0A6E7B2A0}.Debug|Any CPU.ActiveCfg = Debug|Any CPU
		{298A9CBA-1D90-44EC-A6A1-DCD0A6E7B2A0}.Debug|Any CPU.Build.0 = Debug|Any CPU
		{298A9CBA-1D90-44EC-A6A1-DCD0A6E7B2A0}.Debug|x64.ActiveCfg = Debug|x64
		{298A9CBA-1D90-44EC-A6A1-DCD0A6E7B2A0}.Debug|x64.Build.0 = Debug|x64
		{298A9CBA-1D90-44EC-A6A1-DCD0A6E7B2A0}.Debug|x86.ActiveCfg = Debug|Any CPU
		{298A9CBA-1D90-44EC-A6A1-DCD0A6E7B2A0}.Debug|x86.Build.0 = Debug|Any CPU
		{298A9CBA-1D90-44EC-A6A1-DCD0A6E7B2A0}.Release|Any CPU.ActiveCfg = Debug|Any CPU
		{298A9CBA-1D90-44EC-A6A1-DCD0A6E7B2A0}.Release|Any CPU.Build.0 = Debug|Any CPU
		{298A9CBA-1D90-44EC-A6A1-DCD0A6E7B2A0}.Release|x64.ActiveCfg = Debug|Any CPU
		{298A9CBA-1D90-44EC-A6A1-DCD0A6E7B2A0}.Release|x64.Build.0 = Debug|Any CPU
		{298A9CBA-1D90-44EC-A6A1-DCD0A6E7B2A0}.Release|x86.ActiveCfg = Debug|Any CPU
		{298A9CBA-1D90-44EC-A6A1-DCD0A6E7B2A0}.Release|x86.Build.0 = Debug|Any CPU
		{DA19D8C5-DAB6-4060-B393-BA18A4BE47BB}.Debug|Any CPU.ActiveCfg = Debug|Any CPU
		{DA19D8C5-DAB6-4060-B393-BA18A4BE47BB}.Debug|Any CPU.Build.0 = Debug|Any CPU
		{DA19D8C5-DAB6-4060-B393-BA18A4BE47BB}.Debug|x64.ActiveCfg = Debug|x64
		{DA19D8C5-DAB6-4060-B393-BA18A4BE47BB}.Debug|x64.Build.0 = Debug|x64
		{DA19D8C5-DAB6-4060-B393-BA18A4BE47BB}.Debug|x86.ActiveCfg = Debug|Any CPU
		{DA19D8C5-DAB6-4060-B393-BA18A4BE47BB}.Debug|x86.Build.0 = Debug|Any CPU
		{DA19D8C5-DAB6-4060-B393-BA18A4BE47BB}.Release|Any CPU.ActiveCfg = Debug|Any CPU
		{DA19D8C5-DAB6-4060-B393-BA18A4BE47BB}.Release|Any CPU.Build.0 = Debug|Any CPU
		{DA19D8C5-DAB6-4060-B393-BA18A4BE47BB}.Release|x64.ActiveCfg = Debug|Any CPU
		{DA19D8C5-DAB6-4060-B393-BA18A4BE47BB}.Release|x64.Build.0 = Debug|Any CPU
		{DA19D8C5-DAB6-4060-B393-BA18A4BE47BB}.Release|x86.ActiveCfg = Debug|Any CPU
		{DA19D8C5-DAB6-4060-B393-BA18A4BE47BB}.Release|x86.Build.0 = Debug|Any CPU
		{2A5ABF59-55EE-461B-8C6F-2A294481129B}.Debug|Any CPU.ActiveCfg = Debug|Any CPU
		{2A5ABF59-55EE-461B-8C6F-2A294481129B}.Debug|Any CPU.Build.0 = Debug|Any CPU
		{2A5ABF59-55EE-461B-8C6F-2A294481129B}.Debug|x64.ActiveCfg = Debug|x64
		{2A5ABF59-55EE-461B-8C6F-2A294481129B}.Debug|x64.Build.0 = Debug|x64
		{2A5ABF59-55EE-461B-8C6F-2A294481129B}.Debug|x86.ActiveCfg = Debug|Any CPU
		{2A5ABF59-55EE-461B-8C6F-2A294481129B}.Debug|x86.Build.0 = Debug|Any CPU
		{2A5ABF59-55EE-461B-8C6F-2A294481129B}.Release|Any CPU.ActiveCfg = Debug|Any CPU
		{2A5ABF59-55EE-461B-8C6F-2A294481129B}.Release|Any CPU.Build.0 = Debug|Any CPU
		{2A5ABF59-55EE-461B-8C6F-2A294481129B}.Release|x64.ActiveCfg = Debug|Any CPU
		{2A5ABF59-55EE-461B-8C6F-2A294481129B}.Release|x64.Build.0 = Debug|Any CPU
		{2A5ABF59-55EE-461B-8C6F-2A294481129B}.Release|x86.ActiveCfg = Debug|Any CPU
		{2A5ABF59-55EE-461B-8C6F-2A294481129B}.Release|x86.Build.0 = Debug|Any CPU
		{D274AA09-5B34-4450-A6FB-5A5A351C7B45}.Debug|Any CPU.ActiveCfg = Debug|Win32
		{D274AA09-5B34-4450-A6FB-5A5A351C7B45}.Debug|x64.ActiveCfg = Debug|x64
		{D274AA09-5B34-4450-A6FB-5A5A351C7B45}.Debug|x64.Build.0 = Debug|x64
		{D274AA09-5B34-4450-A6FB-5A5A351C7B45}.Debug|x86.ActiveCfg = Debug|Win32
		{D274AA09-5B34-4450-A6FB-5A5A351C7B45}.Debug|x86.Build.0 = Debug|Win32
		{D274AA09-5B34-4450-A6FB-5A5A351C7B45}.Release|Any CPU.ActiveCfg = Debug|Win32
		{D274AA09-5B34-4450-A6FB-5A5A351C7B45}.Release|x64.ActiveCfg = Debug|Win32
		{D274AA09-5B34-4450-A6FB-5A5A351C7B45}.Release|x64.Build.0 = Debug|Win32
		{D274AA09-5B34-4450-A6FB-5A5A351C7B45}.Release|x86.ActiveCfg = Debug|Win32
		{D274AA09-5B34-4450-A6FB-5A5A351C7B45}.Release|x86.Build.0 = Debug|Win32
		{828942FC-3B97-4C3F-B7BF-87B63BF6BD1E}.Debug|Any CPU.ActiveCfg = Debug|Win32
		{828942FC-3B97-4C3F-B7BF-87B63BF6BD1E}.Debug|x64.ActiveCfg = Debug|x64
		{828942FC-3B97-4C3F-B7BF-87B63BF6BD1E}.Debug|x64.Build.0 = Debug|x64
		{828942FC-3B97-4C3F-B7BF-87B63BF6BD1E}.Debug|x86.ActiveCfg = Debug|Win32
		{828942FC-3B97-4C3F-B7BF-87B63BF6BD1E}.Debug|x86.Build.0 = Debug|Win32
		{828942FC-3B97-4C3F-B7BF-87B63BF6BD1E}.Release|Any CPU.ActiveCfg = Debug|Win32
		{828942FC-3B97-4C3F-B7BF-87B63BF6BD1E}.Release|x64.ActiveCfg = Debug|Win32
		{828942FC-3B97-4C3F-B7BF-87B63BF6BD1E}.Release|x64.Build.0 = Debug|Win32
		{828942FC-3B97-4C3F-B7BF-87B63BF6BD1E}.Release|x86.ActiveCfg = Debug|Win32
		{828942FC-3B97-4C3F-B7BF-87B63BF6BD1E}.Release|x86.Build.0 = Debug|Win32
		{BF57E350-D719-47A1-950A-7B6A08E58BD7}.Debug|Any CPU.ActiveCfg = Debug|Any CPU
		{BF57E350-D719-47A1-950A-7B6A08E58BD7}.Debug|Any CPU.Build.0 = Debug|Any CPU
		{BF57E350-D719-47A1-950A-7B6A08E58BD7}.Debug|x64.ActiveCfg = Debug|x64
		{BF57E350-D719-47A1-950A-7B6A08E58BD7}.Debug|x64.Build.0 = Debug|x64
		{BF57E350-D719-47A1-950A-7B6A08E58BD7}.Debug|x86.ActiveCfg = Debug|Any CPU
		{BF57E350-D719-47A1-950A-7B6A08E58BD7}.Debug|x86.Build.0 = Debug|Any CPU
		{BF57E350-D719-47A1-950A-7B6A08E58BD7}.Release|Any CPU.ActiveCfg = Debug|Any CPU
		{BF57E350-D719-47A1-950A-7B6A08E58BD7}.Release|Any CPU.Build.0 = Debug|Any CPU
		{BF57E350-D719-47A1-950A-7B6A08E58BD7}.Release|x64.ActiveCfg = Debug|Any CPU
		{BF57E350-D719-47A1-950A-7B6A08E58BD7}.Release|x64.Build.0 = Debug|Any CPU
		{BF57E350-D719-47A1-950A-7B6A08E58BD7}.Release|x86.ActiveCfg = Debug|Any CPU
		{BF57E350-D719-47A1-950A-7B6A08E58BD7}.Release|x86.Build.0 = Debug|Any CPU
		{E3DF8F3B-2879-44A8-A534-1BF8909F20E1}.Debug|Any CPU.ActiveCfg = Debug|Any CPU
		{E3DF8F3B-2879-44A8-A534-1BF8909F20E1}.Debug|Any CPU.Build.0 = Debug|Any CPU
		{E3DF8F3B-2879-44A8-A534-1BF8909F20E1}.Debug|x64.ActiveCfg = Debug|x64
		{E3DF8F3B-2879-44A8-A534-1BF8909F20E1}.Debug|x64.Build.0 = Debug|x64
		{E3DF8F3B-2879-44A8-A534-1BF8909F20E1}.Debug|x86.ActiveCfg = Debug|Any CPU
		{E3DF8F3B-2879-44A8-A534-1BF8909F20E1}.Debug|x86.Build.0 = Debug|Any CPU
		{E3DF8F3B-2879-44A8-A534-1BF8909F20E1}.Release|Any CPU.ActiveCfg = Debug|Any CPU
		{E3DF8F3B-2879-44A8-A534-1BF8909F20E1}.Release|Any CPU.Build.0 = Debug|Any CPU
		{E3DF8F3B-2879-44A8-A534-1BF8909F20E1}.Release|x64.ActiveCfg = Debug|Any CPU
		{E3DF8F3B-2879-44A8-A534-1BF8909F20E1}.Release|x64.Build.0 = Debug|Any CPU
		{E3DF8F3B-2879-44A8-A534-1BF8909F20E1}.Release|x86.ActiveCfg = Debug|Any CPU
		{E3DF8F3B-2879-44A8-A534-1BF8909F20E1}.Release|x86.Build.0 = Debug|Any CPU
		{AF08ED4D-6977-4DCB-A49D-0C0A547698BA}.Debug|Any CPU.ActiveCfg = Debug|Any CPU
		{AF08ED4D-6977-4DCB-A49D-0C0A547698BA}.Debug|Any CPU.Build.0 = Debug|Any CPU
		{AF08ED4D-6977-4DCB-A49D-0C0A547698BA}.Debug|x64.ActiveCfg = Debug|Any CPU
		{AF08ED4D-6977-4DCB-A49D-0C0A547698BA}.Debug|x64.Build.0 = Debug|Any CPU
		{AF08ED4D-6977-4DCB-A49D-0C0A547698BA}.Debug|x86.ActiveCfg = Debug|Any CPU
		{AF08ED4D-6977-4DCB-A49D-0C0A547698BA}.Debug|x86.Build.0 = Debug|Any CPU
		{AF08ED4D-6977-4DCB-A49D-0C0A547698BA}.Release|Any CPU.ActiveCfg = Release|Any CPU
		{AF08ED4D-6977-4DCB-A49D-0C0A547698BA}.Release|Any CPU.Build.0 = Release|Any CPU
		{AF08ED4D-6977-4DCB-A49D-0C0A547698BA}.Release|x64.ActiveCfg = Release|Any CPU
		{AF08ED4D-6977-4DCB-A49D-0C0A547698BA}.Release|x64.Build.0 = Release|Any CPU
		{AF08ED4D-6977-4DCB-A49D-0C0A547698BA}.Release|x86.ActiveCfg = Release|Any CPU
		{AF08ED4D-6977-4DCB-A49D-0C0A547698BA}.Release|x86.Build.0 = Release|Any CPU
	EndGlobalSection
	GlobalSection(SolutionProperties) = preSolution
		HideSolutionNode = FALSE
	EndGlobalSection
	GlobalSection(ExtensibilityGlobals) = postSolution
		SolutionGuid = {FC558325-B1CD-4666-8905-F99526FE0DB6}
	EndGlobalSection
EndGlobal
